
Microsoft Visual Studio Solution File, Format Version 12.00
# Visual Studio Version 16
VisualStudioVersion = 16.0.32002.261
MinimumVisualStudioVersion = 10.0.40219.1
Project("{FAE04EC0-301F-11D3-BF4B-00C04F79EFBC}") = "BlogProject.WebUI", "BlogProject.WebUI\BlogProject.WebUI.csproj", "{0FF33279-9856-43CA-A16B-3FCE63BCA24A}"
EndProject
Project("{FAE04EC0-301F-11D3-BF4B-00C04F79EFBC}") = "BlogProject.EntityLayer", "BlogProject.EntityLayer\BlogProject.EntityLayer.csproj", "{088141FF-5020-4E19-8E51-5FE3F59E6583}"
EndProject
Project("{FAE04EC0-301F-11D3-BF4B-00C04F79EFBC}") = "BlogProject.DataAccessLayer", "BlogProject.DataAccessLayer\BlogProject.DataAccessLayer.csproj", "{151F8B52-D565-456C-83B0-B2569F4F0818}"
EndProject
Project("{FAE04EC0-301F-11D3-BF4B-00C04F79EFBC}") = "BlogProject.BusinessLayer", "BlogProject.BusinessLayer\BlogProject.BusinessLayer.csproj", "{F52ECEA9-923A-40B0-A23E-CB8B290CDCDE}"
EndProject
Global
	GlobalSection(SolutionConfigurationPlatforms) = preSolution
		Debug|Any CPU = Debug|Any CPU
		Release|Any CPU = Release|Any CPU
	EndGlobalSection
	GlobalSection(ProjectConfigurationPlatforms) = postSolution
		{0FF33279-9856-43CA-A16B-3FCE63BCA24A}.Debug|Any CPU.ActiveCfg = Debug|Any CPU
		{0FF33279-9856-43CA-A16B-3FCE63BCA24A}.Debug|Any CPU.Build.0 = Debug|Any CPU
		{0FF33279-9856-43CA-A16B-3FCE63BCA24A}.Release|Any CPU.ActiveCfg = Release|Any CPU
		{0FF33279-9856-43CA-A16B-3FCE63BCA24A}.Release|Any CPU.Build.0 = Release|Any CPU
		{088141FF-5020-4E19-8E51-5FE3F59E6583}.Debug|Any CPU.ActiveCfg = Debug|Any CPU
		{088141FF-5020-4E19-8E51-5FE3F59E6583}.Debug|Any CPU.Build.0 = Debug|Any CPU
		{088141FF-5020-4E19-8E51-5FE3F59E6583}.Release|Any CPU.ActiveCfg = Release|Any CPU
		{088141FF-5020-4E19-8E51-5FE3F59E6583}.Release|Any CPU.Build.0 = Release|Any CPU
		{151F8B52-D565-456C-83B0-B2569F4F0818}.Debug|Any CPU.ActiveCfg = Debug|Any CPU
		{151F8B52-D565-456C-83B0-B2569F4F0818}.Debug|Any CPU.Build.0 = Debug|Any CPU
		{151F8B52-D565-456C-83B0-B2569F4F0818}.Release|Any CPU.ActiveCfg = Release|Any CPU
		{151F8B52-D565-456C-83B0-B2569F4F0818}.Release|Any CPU.Build.0 = Release|Any CPU
		{F52ECEA9-923A-40B0-A23E-CB8B290CDCDE}.Debug|Any CPU.ActiveCfg = Debug|Any CPU
		{F52ECEA9-923A-40B0-A23E-CB8B290CDCDE}.Debug|Any CPU.Build.0 = Debug|Any CPU
		{F52ECEA9-923A-40B0-A23E-CB8B290CDCDE}.Release|Any CPU.ActiveCfg = Release|Any CPU
		{F52ECEA9-923A-40B0-A23E-CB8B290CDCDE}.Release|Any CPU.Build.0 = Release|Any CPU
	EndGlobalSection
	GlobalSection(SolutionProperties) = preSolution
		HideSolutionNode = FALSE
	EndGlobalSection
	GlobalSection(ExtensibilityGlobals) = postSolution
		SolutionGuid = {140F8826-9E93-4BB5-9B06-84781A4547DF}
	EndGlobalSection
EndGlobal
